
Microsoft Visual Studio Solution File, Format Version 12.00
# Visual Studio Version 16
VisualStudioVersion = 16.0.32929.386
MinimumVisualStudioVersion = 10.0.40219.1
Project("{8BC9CEB8-8B4A-11D0-8D11-00A0C91BC942}") = "server", "server\server.vcxproj", "{FC9BE84F-AE7E-4623-AB39-2232F1FE9163}"
EndProject
Project("{8BC9CEB8-8B4A-11D0-8D11-00A0C91BC942}") = "client", "client\client.vcxproj", "{E7D3F7EE-5B3D-4077-B35C-44D7E48F2B64}"
EndProject
Global
	GlobalSection(SolutionConfigurationPlatforms) = preSolution
		Debug|x64 = Debug|x64
		Debug|x86 = Debug|x86
		Release|x64 = Release|x64
		Release|x86 = Release|x86
	EndGlobalSection
	GlobalSection(ProjectConfigurationPlatforms) = postSolution
		{FC9BE84F-AE7E-4623-AB39-2232F1FE9163}.Debug|x64.ActiveCfg = Debug|x64
		{FC9BE84F-AE7E-4623-AB39-2232F1FE9163}.Debug|x64.Build.0 = Debug|x64
		{FC9BE84F-AE7E-4623-AB39-2232F1FE9163}.Debug|x86.ActiveCfg = Debug|Win32
		{FC9BE84F-AE7E-4623-AB39-2232F1FE9163}.Debug|x86.Build.0 = Debug|Win32
		{FC9BE84F-AE7E-4623-AB39-2232F1FE9163}.Release|x64.ActiveCfg = Release|x64
		{FC9BE84F-AE7E-4623-AB39-2232F1FE9163}.Release|x64.Build.0 = Release|x64
		{FC9BE84F-AE7E-4623-AB39-2232F1FE9163}.Release|x86.ActiveCfg = Release|Win32
		{FC9BE84F-AE7E-4623-AB39-2232F1FE9163}.Release|x86.Build.0 = Release|Win32
		{E7D3F7EE-5B3D-4077-B35C-44D7E48F2B64}.Debug|x64.ActiveCfg = Debug|x64
		{E7D3F7EE-5B3D-4077-B35C-44D7E48F2B64}.Debug|x64.Build.0 = Debug|x64
		{E7D3F7EE-5B3D-4077-B35C-44D7E48F2B64}.Debug|x86.ActiveCfg = Debug|Win32
		{E7D3F7EE-5B3D-4077-B35C-44D7E48F2B64}.Debug|x86.Build.0 = Debug|Win32
		{E7D3F7EE-5B3D-4077-B35C-44D7E48F2B64}.Release|x64.ActiveCfg = Release|x64
		{E7D3F7EE-5B3D-4077-B35C-44D7E48F2B64}.Release|x64.Build.0 = Release|x64
		{E7D3F7EE-5B3D-4077-B35C-44D7E48F2B64}.Release|x86.ActiveCfg = Release|Win32
		{E7D3F7EE-5B3D-4077-B35C-44D7E48F2B64}.Release|x86.Build.0 = Release|Win32
	EndGlobalSection
	GlobalSection(SolutionProperties) = preSolution
		HideSolutionNode = FALSE
	EndGlobalSection
	GlobalSection(ExtensibilityGlobals) = postSolution
		SolutionGuid = {5E7592FE-A0CE-4A18-BA65-EF685E692598}
	EndGlobalSection
EndGlobal
